
Microsoft Visual Studio Solution File, Format Version 12.00
# Visual Studio Version 17
VisualStudioVersion = 17.12.35527.113 d17.12
MinimumVisualStudioVersion = 10.0.40219.1
Project("{FAE04EC0-301F-11D3-BF4B-00C04F79EFBC}") = "UserManagement.Domain", "UserManagement.Domain\UserManagement.Domain.csproj", "{B3D4F002-BB0A-42AE-B4CF-B5F7EC2273D0}"
EndProject
Project("{2150E333-8FDC-42A3-9474-1A3956D46DE8}") = "src", "src", "{7424FEB0-8C39-4A94-8C99-0D89E66A09C1}"
EndProject
Project("{FAE04EC0-301F-11D3-BF4B-00C04F79EFBC}") = "UserManagement.Application", "UserManagement.Application\UserManagement.Application.csproj", "{73944747-75B9-440D-A594-BAAE87C0F128}"
EndProject
Project("{FAE04EC0-301F-11D3-BF4B-00C04F79EFBC}") = "UserManagement.Infrastructure", "UserManagement.Infrastructure\UserManagement.Infrastructure.csproj", "{C1EBA926-2A8F-4271-B865-02CA600E05B2}"
EndProject
Project("{FAE04EC0-301F-11D3-BF4B-00C04F79EFBC}") = "UserManagement.Api", "UserManagement.Api\UserManagement.Api.csproj", "{54FB579E-CA5C-47C9-BF9C-D11F5F6CD745}"
EndProject
Global
	GlobalSection(SolutionConfigurationPlatforms) = preSolution
		Debug|Any CPU = Debug|Any CPU
		Release|Any CPU = Release|Any CPU
	EndGlobalSection
	GlobalSection(ProjectConfigurationPlatforms) = postSolution
		{B3D4F002-BB0A-42AE-B4CF-B5F7EC2273D0}.Debug|Any CPU.ActiveCfg = Debug|Any CPU
		{B3D4F002-BB0A-42AE-B4CF-B5F7EC2273D0}.Debug|Any CPU.Build.0 = Debug|Any CPU
		{B3D4F002-BB0A-42AE-B4CF-B5F7EC2273D0}.Release|Any CPU.ActiveCfg = Release|Any CPU
		{B3D4F002-BB0A-42AE-B4CF-B5F7EC2273D0}.Release|Any CPU.Build.0 = Release|Any CPU
		{73944747-75B9-440D-A594-BAAE87C0F128}.Debug|Any CPU.ActiveCfg = Debug|Any CPU
		{73944747-75B9-440D-A594-BAAE87C0F128}.Debug|Any CPU.Build.0 = Debug|Any CPU
		{73944747-75B9-440D-A594-BAAE87C0F128}.Release|Any CPU.ActiveCfg = Release|Any CPU
		{73944747-75B9-440D-A594-BAAE87C0F128}.Release|Any CPU.Build.0 = Release|Any CPU
		{C1EBA926-2A8F-4271-B865-02CA600E05B2}.Debug|Any CPU.ActiveCfg = Debug|Any CPU
		{C1EBA926-2A8F-4271-B865-02CA600E05B2}.Debug|Any CPU.Build.0 = Debug|Any CPU
		{C1EBA926-2A8F-4271-B865-02CA600E05B2}.Release|Any CPU.ActiveCfg = Release|Any CPU
		{C1EBA926-2A8F-4271-B865-02CA600E05B2}.Release|Any CPU.Build.0 = Release|Any CPU
		{54FB579E-CA5C-47C9-BF9C-D11F5F6CD745}.Debug|Any CPU.ActiveCfg = Debug|Any CPU
		{54FB579E-CA5C-47C9-BF9C-D11F5F6CD745}.Debug|Any CPU.Build.0 = Debug|Any CPU
		{54FB579E-CA5C-47C9-BF9C-D11F5F6CD745}.Release|Any CPU.ActiveCfg = Release|Any CPU
		{54FB579E-CA5C-47C9-BF9C-D11F5F6CD745}.Release|Any CPU.Build.0 = Release|Any CPU
	EndGlobalSection
	GlobalSection(SolutionProperties) = preSolution
		HideSolutionNode = FALSE
	EndGlobalSection
	GlobalSection(NestedProjects) = preSolution
		{B3D4F002-BB0A-42AE-B4CF-B5F7EC2273D0} = {7424FEB0-8C39-4A94-8C99-0D89E66A09C1}
		{73944747-75B9-440D-A594-BAAE87C0F128} = {7424FEB0-8C39-4A94-8C99-0D89E66A09C1}
		{C1EBA926-2A8F-4271-B865-02CA600E05B2} = {7424FEB0-8C39-4A94-8C99-0D89E66A09C1}
		{54FB579E-CA5C-47C9-BF9C-D11F5F6CD745} = {7424FEB0-8C39-4A94-8C99-0D89E66A09C1}
	EndGlobalSection
EndGlobal
